// !$*UTF8*$!
{
	archiveVersion = 1;
	classes = {
	};
	objectVersion = 56;
	objects = {

/* Begin PBXBuildFile section */
		C38F51942A57ADFF0069986E /* ContainerViewController.swift in Sources */ = {isa = PBXBuildFile; fileRef = C38F51932A57ADFF0069986E /* ContainerViewController.swift */; };
		C38F51962A57BAC10069986E /* MenuOptionsViewController.swift in Sources */ = {isa = PBXBuildFile; fileRef = C38F51952A57BAC10069986E /* MenuOptionsViewController.swift */; };
		C392D5072A564A84007994E5 /* HomePresenter.swift in Sources */ = {isa = PBXBuildFile; fileRef = C392D5012A564A84007994E5 /* HomePresenter.swift */; };
		C392D5082A564A84007994E5 /* HomeRouter.swift in Sources */ = {isa = PBXBuildFile; fileRef = C392D5022A564A84007994E5 /* HomeRouter.swift */; };
		C392D5092A564A84007994E5 /* HomeViewController.swift in Sources */ = {isa = PBXBuildFile; fileRef = C392D5032A564A84007994E5 /* HomeViewController.swift */; };
		C392D50A2A564A84007994E5 /* HomeProtocols.swift in Sources */ = {isa = PBXBuildFile; fileRef = C392D5042A564A84007994E5 /* HomeProtocols.swift */; };
		C392D50B2A564A84007994E5 /* HomeInteractor.swift in Sources */ = {isa = PBXBuildFile; fileRef = C392D5052A564A84007994E5 /* HomeInteractor.swift */; };
		C3970C612A58629A009E30CA /* ConfigurationTableViewCell.swift in Sources */ = {isa = PBXBuildFile; fileRef = C3970C602A58629A009E30CA /* ConfigurationTableViewCell.swift */; };
		C3970C632A587104009E30CA /* Data.swift in Sources */ = {isa = PBXBuildFile; fileRef = C3970C622A587104009E30CA /* Data.swift */; };
		C3A5B6B12A561FBB0081F39D /* AppDelegate.swift in Sources */ = {isa = PBXBuildFile; fileRef = C3A5B6B02A561FBB0081F39D /* AppDelegate.swift */; };
		C3A5B6BA2A561FBE0081F39D /* Assets.xcassets in Resources */ = {isa = PBXBuildFile; fileRef = C3A5B6B92A561FBE0081F39D /* Assets.xcassets */; };
		C3A5B6C72A56230D0081F39D /* UIExtension.swift in Sources */ = {isa = PBXBuildFile; fileRef = C3A5B6C62A56230D0081F39D /* UIExtension.swift */; };
		C3ECBF7A2A578E5400CBD5DB /* ComentariosPresenter.swift in Sources */ = {isa = PBXBuildFile; fileRef = C3ECBF742A578E5400CBD5DB /* ComentariosPresenter.swift */; };
		C3ECBF7B2A578E5400CBD5DB /* ComentariosRouter.swift in Sources */ = {isa = PBXBuildFile; fileRef = C3ECBF752A578E5400CBD5DB /* ComentariosRouter.swift */; };
		C3ECBF7C2A578E5400CBD5DB /* ComentariosViewController.swift in Sources */ = {isa = PBXBuildFile; fileRef = C3ECBF762A578E5400CBD5DB /* ComentariosViewController.swift */; };
		C3ECBF7D2A578E5400CBD5DB /* ComentariosProtocols.swift in Sources */ = {isa = PBXBuildFile; fileRef = C3ECBF772A578E5400CBD5DB /* ComentariosProtocols.swift */; };
		C3ECBF7E2A578E5400CBD5DB /* ComentariosInteractor.swift in Sources */ = {isa = PBXBuildFile; fileRef = C3ECBF782A578E5400CBD5DB /* ComentariosInteractor.swift */; };
		C3ECBF862A578E6E00CBD5DB /* ConfigurationPresenter.swift in Sources */ = {isa = PBXBuildFile; fileRef = C3ECBF802A578E6E00CBD5DB /* ConfigurationPresenter.swift */; };
		C3ECBF872A578E6E00CBD5DB /* ConfigurationRouter.swift in Sources */ = {isa = PBXBuildFile; fileRef = C3ECBF812A578E6E00CBD5DB /* ConfigurationRouter.swift */; };
		C3ECBF882A578E6E00CBD5DB /* ConfigurationViewController.swift in Sources */ = {isa = PBXBuildFile; fileRef = C3ECBF822A578E6E00CBD5DB /* ConfigurationViewController.swift */; };
		C3ECBF892A578E6E00CBD5DB /* ConfigurationProtocols.swift in Sources */ = {isa = PBXBuildFile; fileRef = C3ECBF832A578E6E00CBD5DB /* ConfigurationProtocols.swift */; };
		C3ECBF8A2A578E6E00CBD5DB /* ConfigurationInteractor.swift in Sources */ = {isa = PBXBuildFile; fileRef = C3ECBF842A578E6E00CBD5DB /* ConfigurationInteractor.swift */; };
/* End PBXBuildFile section */

/* Begin PBXFileReference section */
		C38F51932A57ADFF0069986E /* ContainerViewController.swift */ = {isa = PBXFileReference; lastKnownFileType = sourcecode.swift; path = ContainerViewController.swift; sourceTree = "<group>"; };
		C38F51952A57BAC10069986E /* MenuOptionsViewController.swift */ = {isa = PBXFileReference; lastKnownFileType = sourcecode.swift; path = MenuOptionsViewController.swift; sourceTree = "<group>"; };
		C392D5012A564A84007994E5 /* HomePresenter.swift */ = {isa = PBXFileReference; lastKnownFileType = sourcecode.swift; path = HomePresenter.swift; sourceTree = "<group>"; };
		C392D5022A564A84007994E5 /* HomeRouter.swift */ = {isa = PBXFileReference; lastKnownFileType = sourcecode.swift; path = HomeRouter.swift; sourceTree = "<group>"; };
		C392D5032A564A84007994E5 /* HomeViewController.swift */ = {isa = PBXFileReference; lastKnownFileType = sourcecode.swift; path = HomeViewController.swift; sourceTree = "<group>"; };
		C392D5042A564A84007994E5 /* HomeProtocols.swift */ = {isa = PBXFileReference; lastKnownFileType = sourcecode.swift; path = HomeProtocols.swift; sourceTree = "<group>"; };
		C392D5052A564A84007994E5 /* HomeInteractor.swift */ = {isa = PBXFileReference; lastKnownFileType = sourcecode.swift; path = HomeInteractor.swift; sourceTree = "<group>"; };
		C3970C602A58629A009E30CA /* ConfigurationTableViewCell.swift */ = {isa = PBXFileReference; lastKnownFileType = sourcecode.swift; path = ConfigurationTableViewCell.swift; sourceTree = "<group>"; };
		C3970C622A587104009E30CA /* Data.swift */ = {isa = PBXFileReference; lastKnownFileType = sourcecode.swift; path = Data.swift; sourceTree = "<group>"; };
		C3A5B6AD2A561FBB0081F39D /* Practica_TEMPORIZADOR.app */ = {isa = PBXFileReference; explicitFileType = wrapper.application; includeInIndex = 0; path = Practica_TEMPORIZADOR.app; sourceTree = BUILT_PRODUCTS_DIR; };
		C3A5B6B02A561FBB0081F39D /* AppDelegate.swift */ = {isa = PBXFileReference; lastKnownFileType = sourcecode.swift; path = AppDelegate.swift; sourceTree = "<group>"; };
		C3A5B6B92A561FBE0081F39D /* Assets.xcassets */ = {isa = PBXFileReference; lastKnownFileType = folder.assetcatalog; path = Assets.xcassets; sourceTree = "<group>"; };
		C3A5B6BE2A561FBE0081F39D /* Info.plist */ = {isa = PBXFileReference; lastKnownFileType = text.plist.xml; path = Info.plist; sourceTree = "<group>"; };
		C3A5B6C62A56230D0081F39D /* UIExtension.swift */ = {isa = PBXFileReference; fileEncoding = 4; lastKnownFileType = sourcecode.swift; path = UIExtension.swift; sourceTree = "<group>"; };
		C3ECBF742A578E5400CBD5DB /* ComentariosPresenter.swift */ = {isa = PBXFileReference; lastKnownFileType = sourcecode.swift; path = ComentariosPresenter.swift; sourceTree = "<group>"; };
		C3ECBF752A578E5400CBD5DB /* ComentariosRouter.swift */ = {isa = PBXFileReference; lastKnownFileType = sourcecode.swift; path = ComentariosRouter.swift; sourceTree = "<group>"; };
		C3ECBF762A578E5400CBD5DB /* ComentariosViewController.swift */ = {isa = PBXFileReference; lastKnownFileType = sourcecode.swift; path = ComentariosViewController.swift; sourceTree = "<group>"; };
		C3ECBF772A578E5400CBD5DB /* ComentariosProtocols.swift */ = {isa = PBXFileReference; lastKnownFileType = sourcecode.swift; path = ComentariosProtocols.swift; sourceTree = "<group>"; };
		C3ECBF782A578E5400CBD5DB /* ComentariosInteractor.swift */ = {isa = PBXFileReference; lastKnownFileType = sourcecode.swift; path = ComentariosInteractor.swift; sourceTree = "<group>"; };
		C3ECBF802A578E6E00CBD5DB /* ConfigurationPresenter.swift */ = {isa = PBXFileReference; lastKnownFileType = sourcecode.swift; path = ConfigurationPresenter.swift; sourceTree = "<group>"; };
		C3ECBF812A578E6E00CBD5DB /* ConfigurationRouter.swift */ = {isa = PBXFileReference; lastKnownFileType = sourcecode.swift; path = ConfigurationRouter.swift; sourceTree = "<group>"; };
		C3ECBF822A578E6E00CBD5DB /* ConfigurationViewController.swift */ = {isa = PBXFileReference; lastKnownFileType = sourcecode.swift; path = ConfigurationViewController.swift; sourceTree = "<group>"; };
		C3ECBF832A578E6E00CBD5DB /* ConfigurationProtocols.swift */ = {isa = PBXFileReference; lastKnownFileType = sourcecode.swift; path = ConfigurationProtocols.swift; sourceTree = "<group>"; };
		C3ECBF842A578E6E00CBD5DB /* ConfigurationInteractor.swift */ = {isa = PBXFileReference; lastKnownFileType = sourcecode.swift; path = ConfigurationInteractor.swift; sourceTree = "<group>"; };
/* End PBXFileReference section */

/* Begin PBXFrameworksBuildPhase section */
		C3A5B6AA2A561FBB0081F39D /* Frameworks */ = {
			isa = PBXFrameworksBuildPhase;
			buildActionMask = 2147483647;
			files = (
			);
			runOnlyForDeploymentPostprocessing = 0;
		};
/* End PBXFrameworksBuildPhase section */

/* Begin PBXGroup section */
		C392D5002A564A5F007994E5 /* Home */ = {
			isa = PBXGroup;
			children = (
				C392D5012A564A84007994E5 /* HomePresenter.swift */,
				C392D5022A564A84007994E5 /* HomeRouter.swift */,
				C392D5032A564A84007994E5 /* HomeViewController.swift */,
				C392D5042A564A84007994E5 /* HomeProtocols.swift */,
				C392D5052A564A84007994E5 /* HomeInteractor.swift */,
			);
			path = Home;
			sourceTree = "<group>";
		};
		C3970C5E2A585BCC009E30CA /* Side Menu */ = {
			isa = PBXGroup;
			children = (
				C38F51952A57BAC10069986E /* MenuOptionsViewController.swift */,
				C38F51932A57ADFF0069986E /* ContainerViewController.swift */,
			);
			path = "Side Menu";
			sourceTree = "<group>";
		};
		C3970C5F2A586283009E30CA /* Cell */ = {
			isa = PBXGroup;
			children = (
				C3970C602A58629A009E30CA /* ConfigurationTableViewCell.swift */,
				C3970C622A587104009E30CA /* Data.swift */,
			);
			path = Cell;
			sourceTree = "<group>";
		};
		C3A5B6A42A561FBB0081F39D = {
			isa = PBXGroup;
			children = (
				C3A5B6AF2A561FBB0081F39D /* Practica_TEMPORIZADOR */,
				C3A5B6AE2A561FBB0081F39D /* Products */,
			);
			sourceTree = "<group>";
		};
		C3A5B6AE2A561FBB0081F39D /* Products */ = {
			isa = PBXGroup;
			children = (
				C3A5B6AD2A561FBB0081F39D /* Practica_TEMPORIZADOR.app */,
			);
			name = Products;
			sourceTree = "<group>";
		};
		C3A5B6AF2A561FBB0081F39D /* Practica_TEMPORIZADOR */ = {
			isa = PBXGroup;
			children = (
				C3ECBF732A578DF700CBD5DB /* Comentarios */,
				C3ECBF722A578DE800CBD5DB /* Configuration */,
				C392D5002A564A5F007994E5 /* Home */,
				C3970C5E2A585BCC009E30CA /* Side Menu */,
				C3A5B6B02A561FBB0081F39D /* AppDelegate.swift */,
				C3A5B6B92A561FBE0081F39D /* Assets.xcassets */,
				C3A5B6C62A56230D0081F39D /* UIExtension.swift */,
				C3A5B6BE2A561FBE0081F39D /* Info.plist */,
			);
			path = Practica_TEMPORIZADOR;
			sourceTree = "<group>";
		};
		C3ECBF722A578DE800CBD5DB /* Configuration */ = {
			isa = PBXGroup;
			children = (
				C3970C5F2A586283009E30CA /* Cell */,
				C3ECBF802A578E6E00CBD5DB /* ConfigurationPresenter.swift */,
				C3ECBF812A578E6E00CBD5DB /* ConfigurationRouter.swift */,
				C3ECBF822A578E6E00CBD5DB /* ConfigurationViewController.swift */,
				C3ECBF832A578E6E00CBD5DB /* ConfigurationProtocols.swift */,
				C3ECBF842A578E6E00CBD5DB /* ConfigurationInteractor.swift */,
			);
			path = Configuration;
			sourceTree = "<group>";
		};
		C3ECBF732A578DF700CBD5DB /* Comentarios */ = {
			isa = PBXGroup;
			children = (
				C3ECBF742A578E5400CBD5DB /* ComentariosPresenter.swift */,
				C3ECBF752A578E5400CBD5DB /* ComentariosRouter.swift */,
				C3ECBF762A578E5400CBD5DB /* ComentariosViewController.swift */,
				C3ECBF772A578E5400CBD5DB /* ComentariosProtocols.swift */,
				C3ECBF782A578E5400CBD5DB /* ComentariosInteractor.swift */,
			);
			path = Comentarios;
			sourceTree = "<group>";
		};
/* End PBXGroup section */

/* Begin PBXNativeTarget section */
		C3A5B6AC2A561FBB0081F39D /* Practica_TEMPORIZADOR */ = {
			isa = PBXNativeTarget;
			buildConfigurationList = C3A5B6C12A561FBE0081F39D /* Build configuration list for PBXNativeTarget "Practica_TEMPORIZADOR" */;
			buildPhases = (
				C3A5B6A92A561FBB0081F39D /* Sources */,
				C3A5B6AA2A561FBB0081F39D /* Frameworks */,
				C3A5B6AB2A561FBB0081F39D /* Resources */,
			);
			buildRules = (
			);
			dependencies = (
			);
			name = Practica_TEMPORIZADOR;
			productName = Practica_TEMPORIZADOR;
			productReference = C3A5B6AD2A561FBB0081F39D /* Practica_TEMPORIZADOR.app */;
			productType = "com.apple.product-type.application";
		};
/* End PBXNativeTarget section */

/* Begin PBXProject section */
		C3A5B6A52A561FBB0081F39D /* Project object */ = {
			isa = PBXProject;
			attributes = {
				BuildIndependentTargetsInParallel = 1;
				LastSwiftUpdateCheck = 1420;
				LastUpgradeCheck = 1420;
				TargetAttributes = {
					C3A5B6AC2A561FBB0081F39D = {
						CreatedOnToolsVersion = 14.2;
					};
				};
			};
			buildConfigurationList = C3A5B6A82A561FBB0081F39D /* Build configuration list for PBXProject "Practica_TEMPORIZADOR" */;
			compatibilityVersion = "Xcode 14.0";
			developmentRegion = en;
			hasScannedForEncodings = 0;
			knownRegions = (
				en,
				Base,
			);
			mainGroup = C3A5B6A42A561FBB0081F39D;
			productRefGroup = C3A5B6AE2A561FBB0081F39D /* Products */;
			projectDirPath = "";
			projectRoot = "";
			targets = (
				C3A5B6AC2A561FBB0081F39D /* Practica_TEMPORIZADOR */,
			);
		};
/* End PBXProject section */

/* Begin PBXResourcesBuildPhase section */
		C3A5B6AB2A561FBB0081F39D /* Resources */ = {
			isa = PBXResourcesBuildPhase;
			buildActionMask = 2147483647;
			files = (
				C3A5B6BA2A561FBE0081F39D /* Assets.xcassets in Resources */,
			);
			runOnlyForDeploymentPostprocessing = 0;
		};
/* End PBXResourcesBuildPhase section */

/* Begin PBXSourcesBuildPhase section */
		C3A5B6A92A561FBB0081F39D /* Sources */ = {
			isa = PBXSourcesBuildPhase;
			buildActionMask = 2147483647;
			files = (
				C3970C612A58629A009E30CA /* ConfigurationTableViewCell.swift in Sources */,
				C3ECBF7B2A578E5400CBD5DB /* ComentariosRouter.swift in Sources */,
				C392D5082A564A84007994E5 /* HomeRouter.swift in Sources */,
				C3ECBF8A2A578E6E00CBD5DB /* ConfigurationInteractor.swift in Sources */,
				C3ECBF7A2A578E5400CBD5DB /* ComentariosPresenter.swift in Sources */,
				C3ECBF7C2A578E5400CBD5DB /* ComentariosViewController.swift in Sources */,
				C3ECBF892A578E6E00CBD5DB /* ConfigurationProtocols.swift in Sources */,
				C3970C632A587104009E30CA /* Data.swift in Sources */,
				C3A5B6B12A561FBB0081F39D /* AppDelegate.swift in Sources */,
				C3ECBF872A578E6E00CBD5DB /* ConfigurationRouter.swift in Sources */,
				C3ECBF862A578E6E00CBD5DB /* ConfigurationPresenter.swift in Sources */,
				C3ECBF7E2A578E5400CBD5DB /* ComentariosInteractor.swift in Sources */,
				C3ECBF882A578E6E00CBD5DB /* ConfigurationViewController.swift in Sources */,
				C392D50A2A564A84007994E5 /* HomeProtocols.swift in Sources */,
				C392D5072A564A84007994E5 /* HomePresenter.swift in Sources */,
				C392D50B2A564A84007994E5 /* HomeInteractor.swift in Sources */,
				C392D5092A564A84007994E5 /* HomeViewController.swift in Sources */,
				C3ECBF7D2A578E5400CBD5DB /* ComentariosProtocols.swift in Sources */,
				C38F51962A57BAC10069986E /* MenuOptionsViewController.swift in Sources */,
				C38F51942A57ADFF0069986E /* ContainerViewController.swift in Sources */,
				C3A5B6C72A56230D0081F39D /* UIExtension.swift in Sources */,
			);
			runOnlyForDeploymentPostprocessing = 0;
		};
/* End PBXSourcesBuildPhase section */

/* Begin XCBuildConfiguration section */
		C3A5B6BF2A561FBE0081F39D /* Debug */ = {
			isa = XCBuildConfiguration;
			buildSettings = {
				ALWAYS_SEARCH_USER_PATHS = NO;
				CLANG_ANALYZER_NONNULL = YES;
				CLANG_ANALYZER_NUMBER_OBJECT_CONVERSION = YES_AGGRESSIVE;
				CLANG_CXX_LANGUAGE_STANDARD = "gnu++20";
				CLANG_ENABLE_MODULES = YES;
				CLANG_ENABLE_OBJC_ARC = YES;
				CLANG_ENABLE_OBJC_WEAK = YES;
				CLANG_WARN_BLOCK_CAPTURE_AUTORELEASING = YES;
				CLANG_WARN_BOOL_CONVERSION = YES;
				CLANG_WARN_COMMA = YES;
				CLANG_WARN_CONSTANT_CONVERSION = YES;
				CLANG_WARN_DEPRECATED_OBJC_IMPLEMENTATIONS = YES;
				CLANG_WARN_DIRECT_OBJC_ISA_USAGE = YES_ERROR;
				CLANG_WARN_DOCUMENTATION_COMMENTS = YES;
				CLANG_WARN_EMPTY_BODY = YES;
				CLANG_WARN_ENUM_CONVERSION = YES;
				CLANG_WARN_INFINITE_RECURSION = YES;
				CLANG_WARN_INT_CONVERSION = YES;
				CLANG_WARN_NON_LITERAL_NULL_CONVERSION = YES;
				CLANG_WARN_OBJC_IMPLICIT_RETAIN_SELF = YES;
				CLANG_WARN_OBJC_LITERAL_CONVERSION = YES;
				CLANG_WARN_OBJC_ROOT_CLASS = YES_ERROR;
				CLANG_WARN_QUOTED_INCLUDE_IN_FRAMEWORK_HEADER = YES;
				CLANG_WARN_RANGE_LOOP_ANALYSIS = YES;
				CLANG_WARN_STRICT_PROTOTYPES = YES;
				CLANG_WARN_SUSPICIOUS_MOVE = YES;
				CLANG_WARN_UNGUARDED_AVAILABILITY = YES_AGGRESSIVE;
				CLANG_WARN_UNREACHABLE_CODE = YES;
				CLANG_WARN__DUPLICATE_METHOD_MATCH = YES;
				COPY_PHASE_STRIP = NO;
				DEBUG_INFORMATION_FORMAT = dwarf;
				ENABLE_STRICT_OBJC_MSGSEND = YES;
				ENABLE_TESTABILITY = YES;
				GCC_C_LANGUAGE_STANDARD = gnu11;
				GCC_DYNAMIC_NO_PIC = NO;
				GCC_NO_COMMON_BLOCKS = YES;
				GCC_OPTIMIZATION_LEVEL = 0;
				GCC_PREPROCESSOR_DEFINITIONS = (
					"DEBUG=1",
					"$(inherited)",
				);
				GCC_WARN_64_TO_32_BIT_CONVERSION = YES;
				GCC_WARN_ABOUT_RETURN_TYPE = YES_ERROR;
				GCC_WARN_UNDECLARED_SELECTOR = YES;
				GCC_WARN_UNINITIALIZED_AUTOS = YES_AGGRESSIVE;
				GCC_WARN_UNUSED_FUNCTION = YES;
				GCC_WARN_UNUSED_VARIABLE = YES;
				IPHONEOS_DEPLOYMENT_TARGET = 16.2;
				MTL_ENABLE_DEBUG_INFO = INCLUDE_SOURCE;
				MTL_FAST_MATH = YES;
				ONLY_ACTIVE_ARCH = YES;
				SDKROOT = iphoneos;
				SWIFT_ACTIVE_COMPILATION_CONDITIONS = DEBUG;
				SWIFT_OPTIMIZATION_LEVEL = "-Onone";
			};
			name = Debug;
		};
		C3A5B6C02A561FBE0081F39D /* Release */ = {
			isa = XCBuildConfiguration;
			buildSettings = {
				ALWAYS_SEARCH_USER_PATHS = NO;
				CLANG_ANALYZER_NONNULL = YES;
				CLANG_ANALYZER_NUMBER_OBJECT_CONVERSION = YES_AGGRESSIVE;
				CLANG_CXX_LANGUAGE_STANDARD = "gnu++20";
				CLANG_ENABLE_MODULES = YES;
				CLANG_ENABLE_OBJC_ARC = YES;
				CLANG_ENABLE_OBJC_WEAK = YES;
				CLANG_WARN_BLOCK_CAPTURE_AUTORELEASING = YES;
				CLANG_WARN_BOOL_CONVERSION = YES;
				CLANG_WARN_COMMA = YES;
				CLANG_WARN_CONSTANT_CONVERSION = YES;
				CLANG_WARN_DEPRECATED_OBJC_IMPLEMENTATIONS = YES;
				CLANG_WARN_DIRECT_OBJC_ISA_USAGE = YES_ERROR;
				CLANG_WARN_DOCUMENTATION_COMMENTS = YES;
				CLANG_WARN_EMPTY_BODY = YES;
				CLANG_WARN_ENUM_CONVERSION = YES;
				CLANG_WARN_INFINITE_RECURSION = YES;
				CLANG_WARN_INT_CONVERSION = YES;
				CLANG_WARN_NON_LITERAL_NULL_CONVERSION = YES;
				CLANG_WARN_OBJC_IMPLICIT_RETAIN_SELF = YES;
				CLANG_WARN_OBJC_LITERAL_CONVERSION = YES;
				CLANG_WARN_OBJC_ROOT_CLASS = YES_ERROR;
				CLANG_WARN_QUOTED_INCLUDE_IN_FRAMEWORK_HEADER = YES;
				CLANG_WARN_RANGE_LOOP_ANALYSIS = YES;
				CLANG_WARN_STRICT_PROTOTYPES = YES;
				CLANG_WARN_SUSPICIOUS_MOVE = YES;
				CLANG_WARN_UNGUARDED_AVAILABILITY = YES_AGGRESSIVE;
				CLANG_WARN_UNREACHABLE_CODE = YES;
				CLANG_WARN__DUPLICATE_METHOD_MATCH = YES;
				COPY_PHASE_STRIP = NO;
				DEBUG_INFORMATION_FORMAT = "dwarf-with-dsym";
				ENABLE_NS_ASSERTIONS = NO;
				ENABLE_STRICT_OBJC_MSGSEND = YES;
				GCC_C_LANGUAGE_STANDARD = gnu11;
				GCC_NO_COMMON_BLOCKS = YES;
				GCC_WARN_64_TO_32_BIT_CONVERSION = YES;
				GCC_WARN_ABOUT_RETURN_TYPE = YES_ERROR;
				GCC_WARN_UNDECLARED_SELECTOR = YES;
				GCC_WARN_UNINITIALIZED_AUTOS = YES_AGGRESSIVE;
				GCC_WARN_UNUSED_FUNCTION = YES;
				GCC_WARN_UNUSED_VARIABLE = YES;
				IPHONEOS_DEPLOYMENT_TARGET = 16.2;
				MTL_ENABLE_DEBUG_INFO = NO;
				MTL_FAST_MATH = YES;
				SDKROOT = iphoneos;
				SWIFT_COMPILATION_MODE = wholemodule;
				SWIFT_OPTIMIZATION_LEVEL = "-O";
				VALIDATE_PRODUCT = YES;
			};
			name = Release;
		};
		C3A5B6C22A561FBE0081F39D /* Debug */ = {
			isa = XCBuildConfiguration;
			buildSettings = {
				ASSETCATALOG_COMPILER_APPICON_NAME = AppIcon;
				ASSETCATALOG_COMPILER_GLOBAL_ACCENT_COLOR_NAME = AccentColor;
				CODE_SIGN_STYLE = Automatic;
				CURRENT_PROJECT_VERSION = 1;
				DEVELOPMENT_TEAM = 8NL7N7R3D9;
				GENERATE_INFOPLIST_FILE = YES;
				INFOPLIST_FILE = Practica_TEMPORIZADOR/Info.plist;
				INFOPLIST_KEY_UIApplicationSupportsIndirectInputEvents = YES;
				INFOPLIST_KEY_UILaunchStoryboardName = LaunchScreen;
				INFOPLIST_KEY_UISupportedInterfaceOrientations_iPad = "UIInterfaceOrientationPortrait UIInterfaceOrientationPortraitUpsideDown UIInterfaceOrientationLandscapeLeft UIInterfaceOrientationLandscapeRight";
				INFOPLIST_KEY_UISupportedInterfaceOrientations_iPhone = "UIInterfaceOrientationPortrait UIInterfaceOrientationLandscapeLeft UIInterfaceOrientationLandscapeRight";
				IPHONEOS_DEPLOYMENT_TARGET = 15.0;
				LD_RUNPATH_SEARCH_PATHS = (
					"$(inherited)",
					"@executable_path/Frameworks",
				);
				MARKETING_VERSION = 1.0;
				PRODUCT_BUNDLE_IDENTIFIER = "com.angellFR.Practica-TEMPORIZADOR";
				PRODUCT_NAME = "$(TARGET_NAME)";
				SWIFT_EMIT_LOC_STRINGS = YES;
				SWIFT_VERSION = 5.0;
				TARGETED_DEVICE_FAMILY = "1,2";
			};
			name = Debug;
		};
		C3A5B6C32A561FBE0081F39D /* Release */ = {
			isa = XCBuildConfiguration;
			buildSettings = {
				ASSETCATALOG_COMPILER_APPICON_NAME = AppIcon;
				ASSETCATALOG_COMPILER_GLOBAL_ACCENT_COLOR_NAME = AccentColor;
				CODE_SIGN_STYLE = Automatic;
				CURRENT_PROJECT_VERSION = 1;
				DEVELOPMENT_TEAM = 8NL7N7R3D9;
				GENERATE_INFOPLIST_FILE = YES;
				INFOPLIST_FILE = Practica_TEMPORIZADOR/Info.plist;
				INFOPLIST_KEY_UIApplicationSupportsIndirectInputEvents = YES;
				INFOPLIST_KEY_UILaunchStoryboardName = LaunchScreen;
				INFOPLIST_KEY_UISupportedInterfaceOrientations_iPad = "UIInterfaceOrientationPortrait UIInterfaceOrientationPortraitUpsideDown UIInterfaceOrientationLandscapeLeft UIInterfaceOrientationLandscapeRight";
				INFOPLIST_KEY_UISupportedInterfaceOrientations_iPhone = "UIInterfaceOrientationPortrait UIInterfaceOrientationLandscapeLeft UIInterfaceOrientationLandscapeRight";
				IPHONEOS_DEPLOYMENT_TARGET = 15.0;
				LD_RUNPATH_SEARCH_PATHS = (
					"$(inherited)",
					"@executable_path/Frameworks",
				);
				MARKETING_VERSION = 1.0;
				PRODUCT_BUNDLE_IDENTIFIER = "com.angellFR.Practica-TEMPORIZADOR";
				PRODUCT_NAME = "$(TARGET_NAME)";
				SWIFT_EMIT_LOC_STRINGS = YES;
				SWIFT_VERSION = 5.0;
				TARGETED_DEVICE_FAMILY = "1,2";
			};
			name = Release;
		};
/* End XCBuildConfiguration section */

/* Begin XCConfigurationList section */
		C3A5B6A82A561FBB0081F39D /* Build configuration list for PBXProject "Practica_TEMPORIZADOR" */ = {
			isa = XCConfigurationList;
			buildConfigurations = (
				C3A5B6BF2A561FBE0081F39D /* Debug */,
				C3A5B6C02A561FBE0081F39D /* Release */,
			);
			defaultConfigurationIsVisible = 0;
			defaultConfigurationName = Release;
		};
		C3A5B6C12A561FBE0081F39D /* Build configuration list for PBXNativeTarget "Practica_TEMPORIZADOR" */ = {
			isa = XCConfigurationList;
			buildConfigurations = (
				C3A5B6C22A561FBE0081F39D /* Debug */,
				C3A5B6C32A561FBE0081F39D /* Release */,
			);
			defaultConfigurationIsVisible = 0;
			defaultConfigurationName = Release;
		};
/* End XCConfigurationList section */
	};
	rootObject = C3A5B6A52A561FBB0081F39D /* Project object */;
}
